
Microsoft Visual Studio Solution File, Format Version 12.00
# Visual Studio Version 17
VisualStudioVersion = 17.0.31903.59
MinimumVisualStudioVersion = 10.0.40219.1
Project("{FAE04EC0-301F-11D3-BF4B-00C04F79EFBC}") = "Enzeru.AvaloniaUI", "Enzeru.AvaloniaUI\Enzeru.AvaloniaUI.csproj", "{4F5821E3-0D74-4E42-AE81-AA83FFC42FCD}"
EndProject
Project("{FAE04EC0-301F-11D3-BF4B-00C04F79EFBC}") = "Enzeru.DBManager", "Enzeru.DBManager\Enzeru.DBManager.csproj", "{7BE7252C-4215-4E86-816E-CDC04962F1F0}"
EndProject
Project("{FAE04EC0-301F-11D3-BF4B-00C04F79EFBC}") = "Enzeru.CLI", "Enzeru.CLI\Enzeru.CLI.csproj", "{F0E652C0-18A2-44F1-A1FD-444A4023559C}"
EndProject
Project("{FAE04EC0-301F-11D3-BF4B-00C04F79EFBC}") = "Enzeru.Parcer", "Enzeru.Parcer\Enzeru.Parcer.csproj", "{0CA7F432-C662-4286-8E66-0FA07263CBA2}"
EndProject
Project("{FAE04EC0-301F-11D3-BF4B-00C04F79EFBC}") = "Enzeru.Models", "Enzeru.Models\Enzeru.Models.csproj", "{DD3803A6-CEED-4391-BA7A-4603D3D540CC}"
EndProject
Project("{FAE04EC0-301F-11D3-BF4B-00C04F79EFBC}") = "Enzeru.Repository", "Enzeru.Repository\Enzeru.Repository.csproj", "{B5654381-299C-494A-A8CF-8AF76490CBD1}"
EndProject
Global
	GlobalSection(SolutionConfigurationPlatforms) = preSolution
		Debug|Any CPU = Debug|Any CPU
		Release|Any CPU = Release|Any CPU
	EndGlobalSection
	GlobalSection(SolutionProperties) = preSolution
		HideSolutionNode = FALSE
	EndGlobalSection
	GlobalSection(ProjectConfigurationPlatforms) = postSolution
		{4F5821E3-0D74-4E42-AE81-AA83FFC42FCD}.Debug|Any CPU.ActiveCfg = Debug|Any CPU
		{4F5821E3-0D74-4E42-AE81-AA83FFC42FCD}.Debug|Any CPU.Build.0 = Debug|Any CPU
		{4F5821E3-0D74-4E42-AE81-AA83FFC42FCD}.Release|Any CPU.ActiveCfg = Release|Any CPU
		{4F5821E3-0D74-4E42-AE81-AA83FFC42FCD}.Release|Any CPU.Build.0 = Release|Any CPU
		{7BE7252C-4215-4E86-816E-CDC04962F1F0}.Debug|Any CPU.ActiveCfg = Debug|Any CPU
		{7BE7252C-4215-4E86-816E-CDC04962F1F0}.Debug|Any CPU.Build.0 = Debug|Any CPU
		{7BE7252C-4215-4E86-816E-CDC04962F1F0}.Release|Any CPU.ActiveCfg = Release|Any CPU
		{7BE7252C-4215-4E86-816E-CDC04962F1F0}.Release|Any CPU.Build.0 = Release|Any CPU
		{F0E652C0-18A2-44F1-A1FD-444A4023559C}.Debug|Any CPU.ActiveCfg = Debug|Any CPU
		{F0E652C0-18A2-44F1-A1FD-444A4023559C}.Debug|Any CPU.Build.0 = Debug|Any CPU
		{F0E652C0-18A2-44F1-A1FD-444A4023559C}.Release|Any CPU.ActiveCfg = Release|Any CPU
		{F0E652C0-18A2-44F1-A1FD-444A4023559C}.Release|Any CPU.Build.0 = Release|Any CPU
		{0CA7F432-C662-4286-8E66-0FA07263CBA2}.Debug|Any CPU.ActiveCfg = Debug|Any CPU
		{0CA7F432-C662-4286-8E66-0FA07263CBA2}.Debug|Any CPU.Build.0 = Debug|Any CPU
		{0CA7F432-C662-4286-8E66-0FA07263CBA2}.Release|Any CPU.ActiveCfg = Release|Any CPU
		{0CA7F432-C662-4286-8E66-0FA07263CBA2}.Release|Any CPU.Build.0 = Release|Any CPU
		{DD3803A6-CEED-4391-BA7A-4603D3D540CC}.Debug|Any CPU.ActiveCfg = Debug|Any CPU
		{DD3803A6-CEED-4391-BA7A-4603D3D540CC}.Debug|Any CPU.Build.0 = Debug|Any CPU
		{DD3803A6-CEED-4391-BA7A-4603D3D540CC}.Release|Any CPU.ActiveCfg = Release|Any CPU
		{DD3803A6-CEED-4391-BA7A-4603D3D540CC}.Release|Any CPU.Build.0 = Release|Any CPU
		{B5654381-299C-494A-A8CF-8AF76490CBD1}.Debug|Any CPU.ActiveCfg = Debug|Any CPU
		{B5654381-299C-494A-A8CF-8AF76490CBD1}.Debug|Any CPU.Build.0 = Debug|Any CPU
		{B5654381-299C-494A-A8CF-8AF76490CBD1}.Release|Any CPU.ActiveCfg = Release|Any CPU
		{B5654381-299C-494A-A8CF-8AF76490CBD1}.Release|Any CPU.Build.0 = Release|Any CPU
	EndGlobalSection
	GlobalSection(NestedProjects) = preSolution
	EndGlobalSection
EndGlobal
